
Microsoft Visual Studio Solution File, Format Version 12.00
# Visual Studio 2012
Project("{FAE04EC0-301F-11D3-BF4B-00C04F79EFBC}") = "TinyScrollbar", "TinyScrollbar.csproj", "{F3F197D7-6311-4E6E-9D0C-FCE644236A62}"
EndProject
Project("{2150E333-8FDC-42A3-9474-1A3956D46DE8}") = "Solution Items", "Solution Items", "{8D14FA39-4C26-4603-8041-D63D2F06FE94}"
	ProjectSection(SolutionItems) = preProject
		WE-settings.xml = WE-settings.xml
	EndProjectSection
EndProject
Global
	GlobalSection(SolutionConfigurationPlatforms) = preSolution
		Debug|Any CPU = Debug|Any CPU
		Release|Any CPU = Release|Any CPU
	EndGlobalSection
	GlobalSection(ProjectConfigurationPlatforms) = postSolution
		{F3F197D7-6311-4E6E-9D0C-FCE644236A62}.Debug|Any CPU.ActiveCfg = Debug|Any CPU
		{F3F197D7-6311-4E6E-9D0C-FCE644236A62}.Debug|Any CPU.Build.0 = Debug|Any CPU
		{F3F197D7-6311-4E6E-9D0C-FCE644236A62}.Release|Any CPU.ActiveCfg = Release|Any CPU
		{F3F197D7-6311-4E6E-9D0C-FCE644236A62}.Release|Any CPU.Build.0 = Release|Any CPU
	EndGlobalSection
	GlobalSection(SolutionProperties) = preSolution
		HideSolutionNode = FALSE
	EndGlobalSection
EndGlobal
